// !$*UTF8*$!
{
	archiveVersion = 1;
	classes = {
	};
	objectVersion = 46;
	objects = {

/* Begin PBXBuildFile section */
		5946400C1DB7B56A007C81B2 /* silent.mp3 in Resources */ = {isa = PBXBuildFile; fileRef = 5946400B1DB7B56A007C81B2 /* silent.mp3 */; };
		594CFF721DB523D800C5DF43 /* AppDelegate.swift in Sources */ = {isa = PBXBuildFile; fileRef = 594CFF711DB523D800C5DF43 /* AppDelegate.swift */; };
		594CFF741DB523D800C5DF43 /* ViewController.swift in Sources */ = {isa = PBXBuildFile; fileRef = 594CFF731DB523D800C5DF43 /* ViewController.swift */; };
		594CFF771DB523D800C5DF43 /* Main.storyboard in Resources */ = {isa = PBXBuildFile; fileRef = 594CFF751DB523D800C5DF43 /* Main.storyboard */; };
		594CFF791DB523D800C5DF43 /* Assets.xcassets in Resources */ = {isa = PBXBuildFile; fileRef = 594CFF781DB523D800C5DF43 /* Assets.xcassets */; };
		594CFF7C1DB523D800C5DF43 /* LaunchScreen.storyboard in Resources */ = {isa = PBXBuildFile; fileRef = 594CFF7A1DB523D800C5DF43 /* LaunchScreen.storyboard */; };
		594CFF871DB523D800C5DF43 /* HeiAssariTests.swift in Sources */ = {isa = PBXBuildFile; fileRef = 594CFF861DB523D800C5DF43 /* HeiAssariTests.swift */; };
		79E0410E1B14154697E507AA /* Pods_HeiAssariTests.framework in Frameworks */ = {isa = PBXBuildFile; fileRef = 37AC057C7D3C753FF5ABE225 /* Pods_HeiAssariTests.framework */; };
		9D502385CC020267DF8A18E6 /* Pods_HeiAssari.framework in Frameworks */ = {isa = PBXBuildFile; fileRef = A9353A36BF9FBA1653C6BF08 /* Pods_HeiAssari.framework */; };
/* End PBXBuildFile section */

/* Begin PBXContainerItemProxy section */
		594CFF831DB523D800C5DF43 /* PBXContainerItemProxy */ = {
			isa = PBXContainerItemProxy;
			containerPortal = 594CFF661DB523D800C5DF43 /* Project object */;
			proxyType = 1;
			remoteGlobalIDString = 594CFF6D1DB523D800C5DF43;
			remoteInfo = HeiAssari;
		};
/* End PBXContainerItemProxy section */

/* Begin PBXFileReference section */
		30718B525553E1253B3943FC /* Pods-HeiAssari.debug.xcconfig */ = {isa = PBXFileReference; includeInIndex = 1; lastKnownFileType = text.xcconfig; name = "Pods-HeiAssari.debug.xcconfig"; path = "Pods/Target Support Files/Pods-HeiAssari/Pods-HeiAssari.debug.xcconfig"; sourceTree = "<group>"; };
		37AC057C7D3C753FF5ABE225 /* Pods_HeiAssariTests.framework */ = {isa = PBXFileReference; explicitFileType = wrapper.framework; includeInIndex = 0; path = Pods_HeiAssariTests.framework; sourceTree = BUILT_PRODUCTS_DIR; };
		5946400B1DB7B56A007C81B2 /* silent.mp3 */ = {isa = PBXFileReference; lastKnownFileType = audio.mp3; path = silent.mp3; sourceTree = "<group>"; };
		594CFF6E1DB523D800C5DF43 /* HeiAssari.app */ = {isa = PBXFileReference; explicitFileType = wrapper.application; includeInIndex = 0; path = HeiAssari.app; sourceTree = BUILT_PRODUCTS_DIR; };
		594CFF711DB523D800C5DF43 /* AppDelegate.swift */ = {isa = PBXFileReference; lastKnownFileType = sourcecode.swift; path = AppDelegate.swift; sourceTree = "<group>"; };
		594CFF731DB523D800C5DF43 /* ViewController.swift */ = {isa = PBXFileReference; lastKnownFileType = sourcecode.swift; path = ViewController.swift; sourceTree = "<group>"; };
		594CFF761DB523D800C5DF43 /* Base */ = {isa = PBXFileReference; lastKnownFileType = file.storyboard; name = Base; path = Base.lproj/Main.storyboard; sourceTree = "<group>"; };
		594CFF781DB523D800C5DF43 /* Assets.xcassets */ = {isa = PBXFileReference; lastKnownFileType = folder.assetcatalog; path = Assets.xcassets; sourceTree = "<group>"; };
		594CFF7B1DB523D800C5DF43 /* Base */ = {isa = PBXFileReference; lastKnownFileType = file.storyboard; name = Base; path = Base.lproj/LaunchScreen.storyboard; sourceTree = "<group>"; };
		594CFF7D1DB523D800C5DF43 /* Info.plist */ = {isa = PBXFileReference; lastKnownFileType = text.plist.xml; path = Info.plist; sourceTree = "<group>"; };
		594CFF821DB523D800C5DF43 /* HeiAssariTests.xctest */ = {isa = PBXFileReference; explicitFileType = wrapper.cfbundle; includeInIndex = 0; path = HeiAssariTests.xctest; sourceTree = BUILT_PRODUCTS_DIR; };
		594CFF861DB523D800C5DF43 /* HeiAssariTests.swift */ = {isa = PBXFileReference; lastKnownFileType = sourcecode.swift; path = HeiAssariTests.swift; sourceTree = "<group>"; };
		594CFF881DB523D800C5DF43 /* Info.plist */ = {isa = PBXFileReference; lastKnownFileType = text.plist.xml; path = Info.plist; sourceTree = "<group>"; };
		826F045E00C06D6CCA1D8D74 /* Pods-HeiAssari.release.xcconfig */ = {isa = PBXFileReference; includeInIndex = 1; lastKnownFileType = text.xcconfig; name = "Pods-HeiAssari.release.xcconfig"; path = "Pods/Target Support Files/Pods-HeiAssari/Pods-HeiAssari.release.xcconfig"; sourceTree = "<group>"; };
		9A7B52DBB1FA3CAF81C92BC7 /* Pods-HeiAssariTests.release.xcconfig */ = {isa = PBXFileReference; includeInIndex = 1; lastKnownFileType = text.xcconfig; name = "Pods-HeiAssariTests.release.xcconfig"; path = "Pods/Target Support Files/Pods-HeiAssariTests/Pods-HeiAssariTests.release.xcconfig"; sourceTree = "<group>"; };
		A9353A36BF9FBA1653C6BF08 /* Pods_HeiAssari.framework */ = {isa = PBXFileReference; explicitFileType = wrapper.framework; includeInIndex = 0; path = Pods_HeiAssari.framework; sourceTree = BUILT_PRODUCTS_DIR; };
		F91DEDE055A93A82AF90741D /* Pods-HeiAssariTests.debug.xcconfig */ = {isa = PBXFileReference; includeInIndex = 1; lastKnownFileType = text.xcconfig; name = "Pods-HeiAssariTests.debug.xcconfig"; path = "Pods/Target Support Files/Pods-HeiAssariTests/Pods-HeiAssariTests.debug.xcconfig"; sourceTree = "<group>"; };
/* End PBXFileReference section */

/* Begin PBXFrameworksBuildPhase section */
		594CFF6B1DB523D800C5DF43 /* Frameworks */ = {
			isa = PBXFrameworksBuildPhase;
			buildActionMask = 2147483647;
			files = (
				9D502385CC020267DF8A18E6 /* Pods_HeiAssari.framework in Frameworks */,
			);
			runOnlyForDeploymentPostprocessing = 0;
		};
		594CFF7F1DB523D800C5DF43 /* Frameworks */ = {
			isa = PBXFrameworksBuildPhase;
			buildActionMask = 2147483647;
			files = (
				79E0410E1B14154697E507AA /* Pods_HeiAssariTests.framework in Frameworks */,
			);
			runOnlyForDeploymentPostprocessing = 0;
		};
/* End PBXFrameworksBuildPhase section */

/* Begin PBXGroup section */
		594CFF651DB523D800C5DF43 = {
			isa = PBXGroup;
			children = (
				594CFF701DB523D800C5DF43 /* HeiAssari */,
				594CFF851DB523D800C5DF43 /* HeiAssariTests */,
				594CFF6F1DB523D800C5DF43 /* Products */,
				E32CAE38746E5488BD60B4DB /* Pods */,
				7F27321B36FDDCF674D86743 /* Frameworks */,
			);
			sourceTree = "<group>";
		};
		594CFF6F1DB523D800C5DF43 /* Products */ = {
			isa = PBXGroup;
			children = (
				594CFF6E1DB523D800C5DF43 /* HeiAssari.app */,
				594CFF821DB523D800C5DF43 /* HeiAssariTests.xctest */,
			);
			name = Products;
			sourceTree = "<group>";
		};
		594CFF701DB523D800C5DF43 /* HeiAssari */ = {
			isa = PBXGroup;
			children = (
				594CFF711DB523D800C5DF43 /* AppDelegate.swift */,
				594CFF731DB523D800C5DF43 /* ViewController.swift */,
				594CFF911DB523ED00C5DF43 /* Supporting Files */,
			);
			path = HeiAssari;
			sourceTree = "<group>";
		};
		594CFF851DB523D800C5DF43 /* HeiAssariTests */ = {
			isa = PBXGroup;
			children = (
				594CFF861DB523D800C5DF43 /* HeiAssariTests.swift */,
				594CFF881DB523D800C5DF43 /* Info.plist */,
			);
			path = HeiAssariTests;
			sourceTree = "<group>";
		};
		594CFF911DB523ED00C5DF43 /* Supporting Files */ = {
			isa = PBXGroup;
			children = (
				5946400B1DB7B56A007C81B2 /* silent.mp3 */,
				594CFF751DB523D800C5DF43 /* Main.storyboard */,
				594CFF781DB523D800C5DF43 /* Assets.xcassets */,
				594CFF7A1DB523D800C5DF43 /* LaunchScreen.storyboard */,
				594CFF7D1DB523D800C5DF43 /* Info.plist */,
			);
			name = "Supporting Files";
			sourceTree = "<group>";
		};
		7F27321B36FDDCF674D86743 /* Frameworks */ = {
			isa = PBXGroup;
			children = (
				A9353A36BF9FBA1653C6BF08 /* Pods_HeiAssari.framework */,
				37AC057C7D3C753FF5ABE225 /* Pods_HeiAssariTests.framework */,
			);
			name = Frameworks;
			sourceTree = "<group>";
		};
		E32CAE38746E5488BD60B4DB /* Pods */ = {
			isa = PBXGroup;
			children = (
				30718B525553E1253B3943FC /* Pods-HeiAssari.debug.xcconfig */,
				826F045E00C06D6CCA1D8D74 /* Pods-HeiAssari.release.xcconfig */,
				F91DEDE055A93A82AF90741D /* Pods-HeiAssariTests.debug.xcconfig */,
				9A7B52DBB1FA3CAF81C92BC7 /* Pods-HeiAssariTests.release.xcconfig */,
			);
			name = Pods;
			sourceTree = "<group>";
		};
/* End PBXGroup section */

/* Begin PBXNativeTarget section */
		594CFF6D1DB523D800C5DF43 /* HeiAssari */ = {
			isa = PBXNativeTarget;
			buildConfigurationList = 594CFF8B1DB523D800C5DF43 /* Build configuration list for PBXNativeTarget "HeiAssari" */;
			buildPhases = (
				B9141DC81F1B2531135272B2 /* [CP] Check Pods Manifest.lock */,
				594CFF6A1DB523D800C5DF43 /* Sources */,
				594CFF6B1DB523D800C5DF43 /* Frameworks */,
				594CFF6C1DB523D800C5DF43 /* Resources */,
				24CB9B20DE8191254EAD6633 /* [CP] Embed Pods Frameworks */,
				65E618D57754185376FE1203 /* [CP] Copy Pods Resources */,
			);
			buildRules = (
			);
			dependencies = (
			);
			name = HeiAssari;
			productName = HeiAssari;
			productReference = 594CFF6E1DB523D800C5DF43 /* HeiAssari.app */;
			productType = "com.apple.product-type.application";
		};
		594CFF811DB523D800C5DF43 /* HeiAssariTests */ = {
			isa = PBXNativeTarget;
			buildConfigurationList = 594CFF8E1DB523D800C5DF43 /* Build configuration list for PBXNativeTarget "HeiAssariTests" */;
			buildPhases = (
				CF1C4A92EEC709963566419E /* [CP] Check Pods Manifest.lock */,
				594CFF7E1DB523D800C5DF43 /* Sources */,
				594CFF7F1DB523D800C5DF43 /* Frameworks */,
				594CFF801DB523D800C5DF43 /* Resources */,
				ACA3A729719F3626F7CDAAFF /* [CP] Embed Pods Frameworks */,
				92914EA659FE67193455A02F /* [CP] Copy Pods Resources */,
			);
			buildRules = (
			);
			dependencies = (
				594CFF841DB523D800C5DF43 /* PBXTargetDependency */,
			);
			name = HeiAssariTests;
			productName = HeiAssariTests;
			productReference = 594CFF821DB523D800C5DF43 /* HeiAssariTests.xctest */;
			productType = "com.apple.product-type.bundle.unit-test";
		};
/* End PBXNativeTarget section */

/* Begin PBXProject section */
		594CFF661DB523D800C5DF43 /* Project object */ = {
			isa = PBXProject;
			attributes = {
				LastSwiftUpdateCheck = 0800;
				LastUpgradeCheck = 0800;
				ORGANIZATIONNAME = "Park Seyoung";
				TargetAttributes = {
					594CFF6D1DB523D800C5DF43 = {
						CreatedOnToolsVersion = 8.0;
						DevelopmentTeam = ES4B789T7A;
						ProvisioningStyle = Automatic;
						SystemCapabilities = {
							com.apple.BackgroundModes = {
								enabled = 1;
							};
						};
					};
					594CFF811DB523D800C5DF43 = {
						CreatedOnToolsVersion = 8.0;
						DevelopmentTeam = ES4B789T7A;
						ProvisioningStyle = Automatic;
						TestTargetID = 594CFF6D1DB523D800C5DF43;
					};
				};
			};
			buildConfigurationList = 594CFF691DB523D800C5DF43 /* Build configuration list for PBXProject "HeiAssari" */;
			compatibilityVersion = "Xcode 3.2";
			developmentRegion = English;
			hasScannedForEncodings = 0;
			knownRegions = (
				en,
				Base,
			);
			mainGroup = 594CFF651DB523D800C5DF43;
			productRefGroup = 594CFF6F1DB523D800C5DF43 /* Products */;
			projectDirPath = "";
			projectRoot = "";
			targets = (
				594CFF6D1DB523D800C5DF43 /* HeiAssari */,
				594CFF811DB523D800C5DF43 /* HeiAssariTests */,
			);
		};
/* End PBXProject section */

/* Begin PBXResourcesBuildPhase section */
		594CFF6C1DB523D800C5DF43 /* Resources */ = {
			isa = PBXResourcesBuildPhase;
			buildActionMask = 2147483647;
			files = (
				5946400C1DB7B56A007C81B2 /* silent.mp3 in Resources */,
				594CFF7C1DB523D800C5DF43 /* LaunchScreen.storyboard in Resources */,
				594CFF791DB523D800C5DF43 /* Assets.xcassets in Resources */,
				594CFF771DB523D800C5DF43 /* Main.storyboard in Resources */,
			);
			runOnlyForDeploymentPostprocessing = 0;
		};
		594CFF801DB523D800C5DF43 /* Resources */ = {
			isa = PBXResourcesBuildPhase;
			buildActionMask = 2147483647;
			files = (
			);
			runOnlyForDeploymentPostprocessing = 0;
		};
/* End PBXResourcesBuildPhase section */

/* Begin PBXShellScriptBuildPhase section */
		24CB9B20DE8191254EAD6633 /* [CP] Embed Pods Frameworks */ = {
			isa = PBXShellScriptBuildPhase;
			buildActionMask = 2147483647;
			files = (
			);
			inputPaths = (
			);
			name = "[CP] Embed Pods Frameworks";
			outputPaths = (
			);
			runOnlyForDeploymentPostprocessing = 0;
			shellPath = /bin/sh;
			shellScript = "\"${SRCROOT}/Pods/Target Support Files/Pods-HeiAssari/Pods-HeiAssari-frameworks.sh\"\n";
			showEnvVarsInLog = 0;
		};
		65E618D57754185376FE1203 /* [CP] Copy Pods Resources */ = {
			isa = PBXShellScriptBuildPhase;
			buildActionMask = 2147483647;
			files = (
			);
			inputPaths = (
			);
			name = "[CP] Copy Pods Resources";
			outputPaths = (
			);
			runOnlyForDeploymentPostprocessing = 0;
			shellPath = /bin/sh;
			shellScript = "\"${SRCROOT}/Pods/Target Support Files/Pods-HeiAssari/Pods-HeiAssari-resources.sh\"\n";
			showEnvVarsInLog = 0;
		};
		92914EA659FE67193455A02F /* [CP] Copy Pods Resources */ = {
			isa = PBXShellScriptBuildPhase;
			buildActionMask = 2147483647;
			files = (
			);
			inputPaths = (
			);
			name = "[CP] Copy Pods Resources";
			outputPaths = (
			);
			runOnlyForDeploymentPostprocessing = 0;
			shellPath = /bin/sh;
			shellScript = "\"${SRCROOT}/Pods/Target Support Files/Pods-HeiAssariTests/Pods-HeiAssariTests-resources.sh\"\n";
			showEnvVarsInLog = 0;
		};
		ACA3A729719F3626F7CDAAFF /* [CP] Embed Pods Frameworks */ = {
			isa = PBXShellScriptBuildPhase;
			buildActionMask = 2147483647;
			files = (
			);
			inputPaths = (
			);
			name = "[CP] Embed Pods Frameworks";
			outputPaths = (
			);
			runOnlyForDeploymentPostprocessing = 0;
			shellPath = /bin/sh;
			shellScript = "\"${SRCROOT}/Pods/Target Support Files/Pods-HeiAssariTests/Pods-HeiAssariTests-frameworks.sh\"\n";
			showEnvVarsInLog = 0;
		};
		B9141DC81F1B2531135272B2 /* [CP] Check Pods Manifest.lock */ = {
			isa = PBXShellScriptBuildPhase;
			buildActionMask = 2147483647;
			files = (
			);
			inputPaths = (
			);
			name = "[CP] Check Pods Manifest.lock";
			outputPaths = (
			);
			runOnlyForDeploymentPostprocessing = 0;
			shellPath = /bin/sh;
			shellScript = "diff \"${PODS_ROOT}/../Podfile.lock\" \"${PODS_ROOT}/Manifest.lock\" > /dev/null\nif [ $? != 0 ] ; then\n    # print error to STDERR\n    echo \"error: The sandbox is not in sync with the Podfile.lock. Run 'pod install' or update your CocoaPods installation.\" >&2\n    exit 1\nfi\n";
			showEnvVarsInLog = 0;
		};
		CF1C4A92EEC709963566419E /* [CP] Check Pods Manifest.lock */ = {
			isa = PBXShellScriptBuildPhase;
			buildActionMask = 2147483647;
			files = (
			);
			inputPaths = (
			);
			name = "[CP] Check Pods Manifest.lock";
			outputPaths = (
			);
			runOnlyForDeploymentPostprocessing = 0;
			shellPath = /bin/sh;
			shellScript = "diff \"${PODS_ROOT}/../Podfile.lock\" \"${PODS_ROOT}/Manifest.lock\" > /dev/null\nif [ $? != 0 ] ; then\n    # print error to STDERR\n    echo \"error: The sandbox is not in sync with the Podfile.lock. Run 'pod install' or update your CocoaPods installation.\" >&2\n    exit 1\nfi\n";
			showEnvVarsInLog = 0;
		};
/* End PBXShellScriptBuildPhase section */

/* Begin PBXSourcesBuildPhase section */
		594CFF6A1DB523D800C5DF43 /* Sources */ = {
			isa = PBXSourcesBuildPhase;
			buildActionMask = 2147483647;
			files = (
				594CFF741DB523D800C5DF43 /* ViewController.swift in Sources */,
				594CFF721DB523D800C5DF43 /* AppDelegate.swift in Sources */,
			);
			runOnlyForDeploymentPostprocessing = 0;
		};
		594CFF7E1DB523D800C5DF43 /* Sources */ = {
			isa = PBXSourcesBuildPhase;
			buildActionMask = 2147483647;
			files = (
				594CFF871DB523D800C5DF43 /* HeiAssariTests.swift in Sources */,
			);
			runOnlyForDeploymentPostprocessing = 0;
		};
/* End PBXSourcesBuildPhase section */

/* Begin PBXTargetDependency section */
		594CFF841DB523D800C5DF43 /* PBXTargetDependency */ = {
			isa = PBXTargetDependency;
			target = 594CFF6D1DB523D800C5DF43 /* HeiAssari */;
			targetProxy = 594CFF831DB523D800C5DF43 /* PBXContainerItemProxy */;
		};
/* End PBXTargetDependency section */

/* Begin PBXVariantGroup section */
		594CFF751DB523D800C5DF43 /* Main.storyboard */ = {
			isa = PBXVariantGroup;
			children = (
				594CFF761DB523D800C5DF43 /* Base */,
			);
			name = Main.storyboard;
			sourceTree = "<group>";
		};
		594CFF7A1DB523D800C5DF43 /* LaunchScreen.storyboard */ = {
			isa = PBXVariantGroup;
			children = (
				594CFF7B1DB523D800C5DF43 /* Base */,
			);
			name = LaunchScreen.storyboard;
			sourceTree = "<group>";
		};
/* End PBXVariantGroup section */

/* Begin XCBuildConfiguration section */
		594CFF891DB523D800C5DF43 /* Debug */ = {
			isa = XCBuildConfiguration;
			buildSettings = {
				ALWAYS_SEARCH_USER_PATHS = NO;
				CLANG_ANALYZER_NONNULL = YES;
				CLANG_CXX_LANGUAGE_STANDARD = "gnu++0x";
				CLANG_CXX_LIBRARY = "libc++";
				CLANG_ENABLE_MODULES = YES;
				CLANG_ENABLE_OBJC_ARC = YES;
				CLANG_WARN_BOOL_CONVERSION = YES;
				CLANG_WARN_CONSTANT_CONVERSION = YES;
				CLANG_WARN_DIRECT_OBJC_ISA_USAGE = YES_ERROR;
				CLANG_WARN_DOCUMENTATION_COMMENTS = YES;
				CLANG_WARN_EMPTY_BODY = YES;
				CLANG_WARN_ENUM_CONVERSION = YES;
				CLANG_WARN_INFINITE_RECURSION = YES;
				CLANG_WARN_INT_CONVERSION = YES;
				CLANG_WARN_OBJC_ROOT_CLASS = YES_ERROR;
				CLANG_WARN_SUSPICIOUS_MOVES = YES;
				CLANG_WARN_UNREACHABLE_CODE = YES;
				CLANG_WARN__DUPLICATE_METHOD_MATCH = YES;
				"CODE_SIGN_IDENTITY[sdk=iphoneos*]" = "iPhone Developer";
				COPY_PHASE_STRIP = NO;
				DEBUG_INFORMATION_FORMAT = dwarf;
				ENABLE_STRICT_OBJC_MSGSEND = YES;
				ENABLE_TESTABILITY = YES;
				GCC_C_LANGUAGE_STANDARD = gnu99;
				GCC_DYNAMIC_NO_PIC = NO;
				GCC_NO_COMMON_BLOCKS = YES;
				GCC_OPTIMIZATION_LEVEL = 0;
				GCC_PREPROCESSOR_DEFINITIONS = (
					"DEBUG=1",
					"$(inherited)",
				);
				GCC_WARN_64_TO_32_BIT_CONVERSION = YES;
				GCC_WARN_ABOUT_RETURN_TYPE = YES_ERROR;
				GCC_WARN_UNDECLARED_SELECTOR = YES;
				GCC_WARN_UNINITIALIZED_AUTOS = YES_AGGRESSIVE;
				GCC_WARN_UNUSED_FUNCTION = YES;
				GCC_WARN_UNUSED_VARIABLE = YES;
				IPHONEOS_DEPLOYMENT_TARGET = 10.0;
				MTL_ENABLE_DEBUG_INFO = YES;
				ONLY_ACTIVE_ARCH = YES;
				SDKROOT = iphoneos;
				SWIFT_ACTIVE_COMPILATION_CONDITIONS = DEBUG;
				SWIFT_OPTIMIZATION_LEVEL = "-Onone";
				TARGETED_DEVICE_FAMILY = "1,2";
			};
			name = Debug;
		};
		594CFF8A1DB523D800C5DF43 /* Release */ = {
			isa = XCBuildConfiguration;
			buildSettings = {
				ALWAYS_SEARCH_USER_PATHS = NO;
				CLANG_ANALYZER_NONNULL = YES;
				CLANG_CXX_LANGUAGE_STANDARD = "gnu++0x";
				CLANG_CXX_LIBRARY = "libc++";
				CLANG_ENABLE_MODULES = YES;
				CLANG_ENABLE_OBJC_ARC = YES;
				CLANG_WARN_BOOL_CONVERSION = YES;
				CLANG_WARN_CONSTANT_CONVERSION = YES;
				CLANG_WARN_DIRECT_OBJC_ISA_USAGE = YES_ERROR;
				CLANG_WARN_DOCUMENTATION_COMMENTS = YES;
				CLANG_WARN_EMPTY_BODY = YES;
				CLANG_WARN_ENUM_CONVERSION = YES;
				CLANG_WARN_INFINITE_RECURSION = YES;
				CLANG_WARN_INT_CONVERSION = YES;
				CLANG_WARN_OBJC_ROOT_CLASS = YES_ERROR;
				CLANG_WARN_SUSPICIOUS_MOVES = YES;
				CLANG_WARN_UNREACHABLE_CODE = YES;
				CLANG_WARN__DUPLICATE_METHOD_MATCH = YES;
				"CODE_SIGN_IDENTITY[sdk=iphoneos*]" = "iPhone Developer";
				COPY_PHASE_STRIP = NO;
				DEBUG_INFORMATION_FORMAT = "dwarf-with-dsym";
				ENABLE_NS_ASSERTIONS = NO;
				ENABLE_STRICT_OBJC_MSGSEND = YES;
				GCC_C_LANGUAGE_STANDARD = gnu99;
				GCC_NO_COMMON_BLOCKS = YES;
				GCC_WARN_64_TO_32_BIT_CONVERSION = YES;
				GCC_WARN_ABOUT_RETURN_TYPE = YES_ERROR;
				GCC_WARN_UNDECLARED_SELECTOR = YES;
				GCC_WARN_UNINITIALIZED_AUTOS = YES_AGGRESSIVE;
				GCC_WARN_UNUSED_FUNCTION = YES;
				GCC_WARN_UNUSED_VARIABLE = YES;
				IPHONEOS_DEPLOYMENT_TARGET = 10.0;
				MTL_ENABLE_DEBUG_INFO = NO;
				SDKROOT = iphoneos;
				SWIFT_OPTIMIZATION_LEVEL = "-Owholemodule";
				TARGETED_DEVICE_FAMILY = "1,2";
				VALIDATE_PRODUCT = YES;
			};
			name = Release;
		};
		594CFF8C1DB523D800C5DF43 /* Debug */ = {
			isa = XCBuildConfiguration;
			baseConfigurationReference = 30718B525553E1253B3943FC /* Pods-HeiAssari.debug.xcconfig */;
			buildSettings = {
				ASSETCATALOG_COMPILER_APPICON_NAME = AppIcon;
				DEVELOPMENT_TEAM = ES4B789T7A;
				INFOPLIST_FILE = HeiAssari/Info.plist;
				LD_RUNPATH_SEARCH_PATHS = "$(inherited) @executable_path/Frameworks";
				PRODUCT_BUNDLE_IDENTIFIER = com.seyoung.HeiAssari;
				PRODUCT_NAME = "$(TARGET_NAME)";
				SWIFT_VERSION = 3.0;
			};
			name = Debug;
		};
		594CFF8D1DB523D800C5DF43 /* Release */ = {
			isa = XCBuildConfiguration;
			baseConfigurationReference = 826F045E00C06D6CCA1D8D74 /* Pods-HeiAssari.release.xcconfig */;
			buildSettings = {
				ASSETCATALOG_COMPILER_APPICON_NAME = AppIcon;
				DEVELOPMENT_TEAM = ES4B789T7A;
				INFOPLIST_FILE = HeiAssari/Info.plist;
				LD_RUNPATH_SEARCH_PATHS = "$(inherited) @executable_path/Frameworks";
				PRODUCT_BUNDLE_IDENTIFIER = com.seyoung.HeiAssari;
				PRODUCT_NAME = "$(TARGET_NAME)";
				SWIFT_VERSION = 3.0;
			};
			name = Release;
		};
		594CFF8F1DB523D800C5DF43 /* Debug */ = {
			isa = XCBuildConfiguration;
			baseConfigurationReference = F91DEDE055A93A82AF90741D /* Pods-HeiAssariTests.debug.xcconfig */;
			buildSettings = {
				ALWAYS_EMBED_SWIFT_STANDARD_LIBRARIES = YES;
				BUNDLE_LOADER = "$(TEST_HOST)";
				DEVELOPMENT_TEAM = ES4B789T7A;
				INFOPLIST_FILE = HeiAssariTests/Info.plist;
				LD_RUNPATH_SEARCH_PATHS = "$(inherited) @executable_path/Frameworks @loader_path/Frameworks";
				PRODUCT_BUNDLE_IDENTIFIER = com.seyoung.HeiAssariTests;
				PRODUCT_NAME = "$(TARGET_NAME)";
				SWIFT_VERSION = 3.0;
				TEST_HOST = "$(BUILT_PRODUCTS_DIR)/HeiAssari.app/HeiAssari";
			};
			name = Debug;
		};
		594CFF901DB523D800C5DF43 /* Release */ = {
			isa = XCBuildConfiguration;
			baseConfigurationReference = 9A7B52DBB1FA3CAF81C92BC7 /* Pods-HeiAssariTests.release.xcconfig */;
			buildSettings = {
				ALWAYS_EMBED_SWIFT_STANDARD_LIBRARIES = YES;
				BUNDLE_LOADER = "$(TEST_HOST)";
				DEVELOPMENT_TEAM = ES4B789T7A;
				INFOPLIST_FILE = HeiAssariTests/Info.plist;
				LD_RUNPATH_SEARCH_PATHS = "$(inherited) @executable_path/Frameworks @loader_path/Frameworks";
				PRODUCT_BUNDLE_IDENTIFIER = com.seyoung.HeiAssariTests;
				PRODUCT_NAME = "$(TARGET_NAME)";
				SWIFT_VERSION = 3.0;
				TEST_HOST = "$(BUILT_PRODUCTS_DIR)/HeiAssari.app/HeiAssari";
			};
			name = Release;
		};
/* End XCBuildConfiguration section */

/* Begin XCConfigurationList section */
		594CFF691DB523D800C5DF43 /* Build configuration list for PBXProject "HeiAssari" */ = {
			isa = XCConfigurationList;
			buildConfigurations = (
				594CFF891DB523D800C5DF43 /* Debug */,
				594CFF8A1DB523D800C5DF43 /* Release */,
			);
			defaultConfigurationIsVisible = 0;
			defaultConfigurationName = Release;
		};
		594CFF8B1DB523D800C5DF43 /* Build configuration list for PBXNativeTarget "HeiAssari" */ = {
			isa = XCConfigurationList;
			buildConfigurations = (
				594CFF8C1DB523D800C5DF43 /* Debug */,
				594CFF8D1DB523D800C5DF43 /* Release */,
			);
			defaultConfigurationIsVisible = 0;
			defaultConfigurationName = Release;
		};
		594CFF8E1DB523D800C5DF43 /* Build configuration list for PBXNativeTarget "HeiAssariTests" */ = {
			isa = XCConfigurationList;
			buildConfigurations = (
				594CFF8F1DB523D800C5DF43 /* Debug */,
				594CFF901DB523D800C5DF43 /* Release */,
			);
			defaultConfigurationIsVisible = 0;
			defaultConfigurationName = Release;
		};
/* End XCConfigurationList section */
	};
	rootObject = 594CFF661DB523D800C5DF43 /* Project object */;
}
